{
  "requires": true,
  "lockfileVersion": 1,
  "dependencies": {
    "propel": {
      "version": "3.1.0",
      "resolved": "https://registry.npmjs.org/propel/-/propel-3.1.0.tgz",
      "integrity": "sha512-4Obcg74xgN3peAxIQSt33tQTfPNAa+gn0bpzB4Wvon/a+nf7CbwEOH6/x3Xtc09wg9Eh8CW1pz9mfWzsbeonxA=="
    },
    "propel_linux_gpu": {
      "version": "3.1.0",
      "resolved": "https://registry.npmjs.org/propel_linux_gpu/-/propel_linux_gpu-3.1.0.tgz",
      "integrity": "sha512-J2Ujr40DdvTWTTLkUUPD5mN2fE0lSc8CJsg3EMTJSAxJlHZh3Anc6uF4g6tnTMUJVkwBh754AQbLVA8Oh+xlYg==",
      "requires": {
        "propel": "3.1.0"
      }
    }
  }
}
